
Microsoft Visual Studio Solution File, Format Version 12.00
# Visual Studio Version 17
VisualStudioVersion = 17.10.35027.167
MinimumVisualStudioVersion = 10.0.40219.1
Project("{FAE04EC0-301F-11D3-BF4B-00C04F79EFBC}") = "Trabajo3Uni", "Trabajo3Uni.csproj", "{52CBEF17-FAC7-4DDA-9E32-0C9E2B533392}"
EndProject
Global
	GlobalSection(SolutionConfigurationPlatforms) = preSolution
		Debug|Any CPU = Debug|Any CPU
		Release|Any CPU = Release|Any CPU
	EndGlobalSection
	GlobalSection(ProjectConfigurationPlatforms) = postSolution
		{52CBEF17-FAC7-4DDA-9E32-0C9E2B533392}.Debug|Any CPU.ActiveCfg = Debug|Any CPU
		{52CBEF17-FAC7-4DDA-9E32-0C9E2B533392}.Debug|Any CPU.Build.0 = Debug|Any CPU
		{52CBEF17-FAC7-4DDA-9E32-0C9E2B533392}.Release|Any CPU.ActiveCfg = Release|Any CPU
		{52CBEF17-FAC7-4DDA-9E32-0C9E2B533392}.Release|Any CPU.Build.0 = Release|Any CPU
	EndGlobalSection
	GlobalSection(SolutionProperties) = preSolution
		HideSolutionNode = FALSE
	EndGlobalSection
	GlobalSection(ExtensibilityGlobals) = postSolution
		SolutionGuid = {FE5ECF29-0BED-4968-A57E-16B5F9C89ACA}
	EndGlobalSection
EndGlobal
